{
  "name": "phixi",
  "version": "0.1.0",
  "lockfileVersion": 1,
  "requires": true,
  "dependencies": {
    "@types/phina.js": {
      "version": "github:negiwine/phina.js.d.ts#0880fb8ce52b79ee52c6b730596fac045fb64c3b",
      "from": "github:negiwine/phina.js.d.ts"
    },
    "@types/pixi.js": {
      "version": "4.8.9",
      "resolved": "https://registry.npmjs.org/@types/pixi.js/-/pixi.js-4.8.9.tgz",
      "integrity": "sha512-PCqd9/TaGOAqg73u8cQKH2sg8pdkRzU6VKu8lWrV+/+p5QiDRtrT8chY5yveVM8A/hWLNtvIQlWpojDomTSNQQ=="
    }
  }
}
